
Microsoft Visual Studio Solution File, Format Version 12.00
# Visual Studio Version 16
VisualStudioVersion = 16.0.33214.272
MinimumVisualStudioVersion = 10.0.40219.1
Project("{9A19103F-16F7-4668-BE54-9A1E7A4F7556}") = "RaceTo21Interface", "RaceTo21Interface\RaceTo21Interface.csproj", "{AA6159B8-72DF-49F1-95B0-070B1586386D}"
EndProject
Global
	GlobalSection(SolutionConfigurationPlatforms) = preSolution
		Debug|Any CPU = Debug|Any CPU
		Release|Any CPU = Release|Any CPU
	EndGlobalSection
	GlobalSection(ProjectConfigurationPlatforms) = postSolution
		{AA6159B8-72DF-49F1-95B0-070B1586386D}.Debug|Any CPU.ActiveCfg = Debug|Any CPU
		{AA6159B8-72DF-49F1-95B0-070B1586386D}.Debug|Any CPU.Build.0 = Debug|Any CPU
		{AA6159B8-72DF-49F1-95B0-070B1586386D}.Release|Any CPU.ActiveCfg = Release|Any CPU
		{AA6159B8-72DF-49F1-95B0-070B1586386D}.Release|Any CPU.Build.0 = Release|Any CPU
	EndGlobalSection
	GlobalSection(SolutionProperties) = preSolution
		HideSolutionNode = FALSE
	EndGlobalSection
	GlobalSection(ExtensibilityGlobals) = postSolution
		SolutionGuid = {54365D79-EA73-463B-9D31-881C39C90C21}
	EndGlobalSection
EndGlobal
